PODS:
  - Flutter (1.0.0)
  - flutter_ios_xlogger (0.0.1):
    - Flutter
  - path_provider_foundation (0.0.1):
    - Flutter
    - FlutterMacOS

DEPENDENCIES:
  - Flutter (from `Flutter`)
  - flutter_ios_xlogger (from `.symlinks/plugins/flutter_ios_xlogger/ios`)
  - path_provider_foundation (from `.symlinks/plugins/path_provider_foundation/ios`)

EXTERNAL SOURCES:
  Flutter:
    :path: Flutter
  flutter_ios_xlogger:
    :path: ".symlinks/plugins/flutter_ios_xlogger/ios"
  path_provider_foundation:
    :path: ".symlinks/plugins/path_provider_foundation/ios"

SPEC CHECKSUMS:
  Flutter: f04841e97a9d0b0a8025694d0796dd46242b2854
  flutter_ios_xlogger: c1b16b9c4815756cf06f5a3a0eb11739274b110d
  path_provider_foundation: 29f094ae23ebbca9d3d0cec13889cd9060c0e943

PODFILE CHECKSUM: 90ee745a7b6f7d35ac15bfbeb2411576b6820ba6

COCOAPODS: 1.11.3
